
Microsoft Visual Studio Solution File, Format Version 12.00
# Visual Studio Version 17
VisualStudioVersion = 17.8.34408.163
MinimumVisualStudioVersion = 10.0.40219.1
Project("{FAE04EC0-301F-11D3-BF4B-00C04F79EFBC}") = "ToDoApp", "ToDoApp\ToDoApp.csproj", "{FA10ABAA-4BCA-44BF-ABD8-71EB53057B30}"
EndProject
Global
	GlobalSection(SolutionConfigurationPlatforms) = preSolution
		Debug|Any CPU = Debug|Any CPU
		Release|Any CPU = Release|Any CPU
	EndGlobalSection
	GlobalSection(ProjectConfigurationPlatforms) = postSolution
		{FA10ABAA-4BCA-44BF-ABD8-71EB53057B30}.Debug|Any CPU.ActiveCfg = Debug|Any CPU
		{FA10ABAA-4BCA-44BF-ABD8-71EB53057B30}.Debug|Any CPU.Build.0 = Debug|Any CPU
		{FA10ABAA-4BCA-44BF-ABD8-71EB53057B30}.Release|Any CPU.ActiveCfg = Release|Any CPU
		{FA10ABAA-4BCA-44BF-ABD8-71EB53057B30}.Release|Any CPU.Build.0 = Release|Any CPU
	EndGlobalSection
	GlobalSection(SolutionProperties) = preSolution
		HideSolutionNode = FALSE
	EndGlobalSection
	GlobalSection(ExtensibilityGlobals) = postSolution
		SolutionGuid = {637805FB-C495-4428-B446-0E975D7AA3AF}
	EndGlobalSection
EndGlobal
